// !$*UTF8*$!
{
	archiveVersion = 1;
	classes = {
	};
	objectVersion = 50;
	objects = {

/* Begin PBXBuildFile section */
		3842E6832492735D008FEA53 /* Predict.swift in Sources */ = {isa = PBXBuildFile; fileRef = 3842E6822492735D008FEA53 /* Predict.swift */; };
		3842E68624929E11008FEA53 /* KeumKNN+ImageConstraint.swift in Sources */ = {isa = PBXBuildFile; fileRef = 3842E68524929E11008FEA53 /* KeumKNN+ImageConstraint.swift */; };
		3842E6882492A057008FEA53 /* ModelUpdater.swift in Sources */ = {isa = PBXBuildFile; fileRef = 3842E6872492A057008FEA53 /* ModelUpdater.swift */; };
		3842E68A2493434A008FEA53 /* HandskNN.mlmodel in Sources */ = {isa = PBXBuildFile; fileRef = 3842E68924934349008FEA53 /* HandskNN.mlmodel */; };
		384AAFB0249236E500CD4A2D /* keumKNN.mlmodel in Sources */ = {isa = PBXBuildFile; fileRef = 384AAFAF249236E500CD4A2D /* keumKNN.mlmodel */; };
		38814551247AC82B00591023 /* AppDelegate.swift in Sources */ = {isa = PBXBuildFile; fileRef = 38814550247AC82B00591023 /* AppDelegate.swift */; };
		38814553247AC82B00591023 /* SceneDelegate.swift in Sources */ = {isa = PBXBuildFile; fileRef = 38814552247AC82B00591023 /* SceneDelegate.swift */; };
		38814555247AC82B00591023 /* ViewController.swift in Sources */ = {isa = PBXBuildFile; fileRef = 38814554247AC82B00591023 /* ViewController.swift */; };
		38814558247AC82B00591023 /* Main.storyboard in Resources */ = {isa = PBXBuildFile; fileRef = 38814556247AC82B00591023 /* Main.storyboard */; };
		3881455A247AC82C00591023 /* Assets.xcassets in Resources */ = {isa = PBXBuildFile; fileRef = 38814559247AC82C00591023 /* Assets.xcassets */; };
		3881455D247AC82C00591023 /* LaunchScreen.storyboard in Resources */ = {isa = PBXBuildFile; fileRef = 3881455B247AC82C00591023 /* LaunchScreen.storyboard */; };
		38814568247AC82C00591023 /* Brick_iTests.swift in Sources */ = {isa = PBXBuildFile; fileRef = 38814567247AC82C00591023 /* Brick_iTests.swift */; };
		38814573247AC82C00591023 /* Brick_iUITests.swift in Sources */ = {isa = PBXBuildFile; fileRef = 38814572247AC82C00591023 /* Brick_iUITests.swift */; };
/* End PBXBuildFile section */

/* Begin PBXContainerItemProxy section */
		38814564247AC82C00591023 /* PBXContainerItemProxy */ = {
			isa = PBXContainerItemProxy;
			containerPortal = 38814545247AC82B00591023 /* Project object */;
			proxyType = 1;
			remoteGlobalIDString = 3881454C247AC82B00591023;
			remoteInfo = "Brick-i";
		};
		3881456F247AC82C00591023 /* PBXContainerItemProxy */ = {
			isa = PBXContainerItemProxy;
			containerPortal = 38814545247AC82B00591023 /* Project object */;
			proxyType = 1;
			remoteGlobalIDString = 3881454C247AC82B00591023;
			remoteInfo = "Brick-i";
		};
/* End PBXContainerItemProxy section */

/* Begin PBXFileReference section */
		3842E6822492735D008FEA53 /* Predict.swift */ = {isa = PBXFileReference; lastKnownFileType = sourcecode.swift; path = Predict.swift; sourceTree = "<group>"; };
		3842E68524929E11008FEA53 /* KeumKNN+ImageConstraint.swift */ = {isa = PBXFileReference; lastKnownFileType = sourcecode.swift; path = "KeumKNN+ImageConstraint.swift"; sourceTree = "<group>"; };
		3842E6872492A057008FEA53 /* ModelUpdater.swift */ = {isa = PBXFileReference; lastKnownFileType = sourcecode.swift; path = ModelUpdater.swift; sourceTree = "<group>"; };
		3842E68924934349008FEA53 /* HandskNN.mlmodel */ = {isa = PBXFileReference; lastKnownFileType = file.mlmodel; path = HandskNN.mlmodel; sourceTree = "<group>"; };
		384AAFAF249236E500CD4A2D /* keumKNN.mlmodel */ = {isa = PBXFileReference; lastKnownFileType = file.mlmodel; path = keumKNN.mlmodel; sourceTree = "<group>"; };
		3881454D247AC82B00591023 /* Brick-i.app */ = {isa = PBXFileReference; explicitFileType = wrapper.application; includeInIndex = 0; path = "Brick-i.app"; sourceTree = BUILT_PRODUCTS_DIR; };
		38814550247AC82B00591023 /* AppDelegate.swift */ = {isa = PBXFileReference; lastKnownFileType = sourcecode.swift; path = AppDelegate.swift; sourceTree = "<group>"; };
		38814552247AC82B00591023 /* SceneDelegate.swift */ = {isa = PBXFileReference; lastKnownFileType = sourcecode.swift; path = SceneDelegate.swift; sourceTree = "<group>"; };
		38814554247AC82B00591023 /* ViewController.swift */ = {isa = PBXFileReference; lastKnownFileType = sourcecode.swift; path = ViewController.swift; sourceTree = "<group>"; };
		38814557247AC82B00591023 /* Base */ = {isa = PBXFileReference; lastKnownFileType = file.storyboard; name = Base; path = Base.lproj/Main.storyboard; sourceTree = "<group>"; };
		38814559247AC82C00591023 /* Assets.xcassets */ = {isa = PBXFileReference; lastKnownFileType = folder.assetcatalog; path = Assets.xcassets; sourceTree = "<group>"; };
		3881455C247AC82C00591023 /* Base */ = {isa = PBXFileReference; lastKnownFileType = file.storyboard; name = Base; path = Base.lproj/LaunchScreen.storyboard; sourceTree = "<group>"; };
		3881455E247AC82C00591023 /* Info.plist */ = {isa = PBXFileReference; lastKnownFileType = text.plist.xml; path = Info.plist; sourceTree = "<group>"; };
		38814563247AC82C00591023 /* Brick-iTests.xctest */ = {isa = PBXFileReference; explicitFileType = wrapper.cfbundle; includeInIndex = 0; path = "Brick-iTests.xctest"; sourceTree = BUILT_PRODUCTS_DIR; };
		38814567247AC82C00591023 /* Brick_iTests.swift */ = {isa = PBXFileReference; lastKnownFileType = sourcecode.swift; path = Brick_iTests.swift; sourceTree = "<group>"; };
		38814569247AC82C00591023 /* Info.plist */ = {isa = PBXFileReference; lastKnownFileType = text.plist.xml; path = Info.plist; sourceTree = "<group>"; };
		3881456E247AC82C00591023 /* Brick-iUITests.xctest */ = {isa = PBXFileReference; explicitFileType = wrapper.cfbundle; includeInIndex = 0; path = "Brick-iUITests.xctest"; sourceTree = BUILT_PRODUCTS_DIR; };
		38814572247AC82C00591023 /* Brick_iUITests.swift */ = {isa = PBXFileReference; lastKnownFileType = sourcecode.swift; path = Brick_iUITests.swift; sourceTree = "<group>"; };
		38814574247AC82C00591023 /* Info.plist */ = {isa = PBXFileReference; lastKnownFileType = text.plist.xml; path = Info.plist; sourceTree = "<group>"; };
/* End PBXFileReference section */

/* Begin PBXFrameworksBuildPhase section */
		3881454A247AC82B00591023 /* Frameworks */ = {
			isa = PBXFrameworksBuildPhase;
			buildActionMask = 2147483647;
			files = (
			);
			runOnlyForDeploymentPostprocessing = 0;
		};
		38814560247AC82C00591023 /* Frameworks */ = {
			isa = PBXFrameworksBuildPhase;
			buildActionMask = 2147483647;
			files = (
			);
			runOnlyForDeploymentPostprocessing = 0;
		};
		3881456B247AC82C00591023 /* Frameworks */ = {
			isa = PBXFrameworksBuildPhase;
			buildActionMask = 2147483647;
			files = (
			);
			runOnlyForDeploymentPostprocessing = 0;
		};
/* End PBXFrameworksBuildPhase section */

/* Begin PBXGroup section */
		3842E68424929DD1008FEA53 /* Model */ = {
			isa = PBXGroup;
			children = (
				3842E6872492A057008FEA53 /* ModelUpdater.swift */,
				3842E68524929E11008FEA53 /* KeumKNN+ImageConstraint.swift */,
				384AAFAF249236E500CD4A2D /* keumKNN.mlmodel */,
				3842E68924934349008FEA53 /* HandskNN.mlmodel */,
			);
			path = Model;
			sourceTree = "<group>";
		};
		38814544247AC82B00591023 = {
			isa = PBXGroup;
			children = (
				3881454F247AC82B00591023 /* Brick-i */,
				38814566247AC82C00591023 /* Brick-iTests */,
				38814571247AC82C00591023 /* Brick-iUITests */,
				3881454E247AC82B00591023 /* Products */,
			);
			sourceTree = "<group>";
		};
		3881454E247AC82B00591023 /* Products */ = {
			isa = PBXGroup;
			children = (
				3881454D247AC82B00591023 /* Brick-i.app */,
				38814563247AC82C00591023 /* Brick-iTests.xctest */,
				3881456E247AC82C00591023 /* Brick-iUITests.xctest */,
			);
			name = Products;
			sourceTree = "<group>";
		};
		3881454F247AC82B00591023 /* Brick-i */ = {
			isa = PBXGroup;
			children = (
				3842E68424929DD1008FEA53 /* Model */,
				38814582247AC86900591023 /* Storyboards */,
				38814581247AC85D00591023 /* Controllers */,
				38814580247AC84300591023 /* Supporting Files */,
				38814559247AC82C00591023 /* Assets.xcassets */,
				3881455E247AC82C00591023 /* Info.plist */,
				3842E6822492735D008FEA53 /* Predict.swift */,
			);
			path = "Brick-i";
			sourceTree = "<group>";
		};
		38814566247AC82C00591023 /* Brick-iTests */ = {
			isa = PBXGroup;
			children = (
				38814567247AC82C00591023 /* Brick_iTests.swift */,
				38814569247AC82C00591023 /* Info.plist */,
			);
			path = "Brick-iTests";
			sourceTree = "<group>";
		};
		38814571247AC82C00591023 /* Brick-iUITests */ = {
			isa = PBXGroup;
			children = (
				38814572247AC82C00591023 /* Brick_iUITests.swift */,
				38814574247AC82C00591023 /* Info.plist */,
			);
			path = "Brick-iUITests";
			sourceTree = "<group>";
		};
		38814580247AC84300591023 /* Supporting Files */ = {
			isa = PBXGroup;
			children = (
				38814550247AC82B00591023 /* AppDelegate.swift */,
				38814552247AC82B00591023 /* SceneDelegate.swift */,
				3881455B247AC82C00591023 /* LaunchScreen.storyboard */,
			);
			path = "Supporting Files";
			sourceTree = "<group>";
		};
		38814581247AC85D00591023 /* Controllers */ = {
			isa = PBXGroup;
			children = (
				38814554247AC82B00591023 /* ViewController.swift */,
			);
			path = Controllers;
			sourceTree = "<group>";
		};
		38814582247AC86900591023 /* Storyboards */ = {
			isa = PBXGroup;
			children = (
				38814556247AC82B00591023 /* Main.storyboard */,
			);
			path = Storyboards;
			sourceTree = "<group>";
		};
/* End PBXGroup section */

/* Begin PBXNativeTarget section */
		3881454C247AC82B00591023 /* Brick-i */ = {
			isa = PBXNativeTarget;
			buildConfigurationList = 38814577247AC82C00591023 /* Build configuration list for PBXNativeTarget "Brick-i" */;
			buildPhases = (
				38814549247AC82B00591023 /* Sources */,
				3881454A247AC82B00591023 /* Frameworks */,
				3881454B247AC82B00591023 /* Resources */,
			);
			buildRules = (
			);
			dependencies = (
			);
			name = "Brick-i";
			productName = "Brick-i";
			productReference = 3881454D247AC82B00591023 /* Brick-i.app */;
			productType = "com.apple.product-type.application";
		};
		38814562247AC82C00591023 /* Brick-iTests */ = {
			isa = PBXNativeTarget;
			buildConfigurationList = 3881457A247AC82C00591023 /* Build configuration list for PBXNativeTarget "Brick-iTests" */;
			buildPhases = (
				3881455F247AC82C00591023 /* Sources */,
				38814560247AC82C00591023 /* Frameworks */,
				38814561247AC82C00591023 /* Resources */,
			);
			buildRules = (
			);
			dependencies = (
				38814565247AC82C00591023 /* PBXTargetDependency */,
			);
			name = "Brick-iTests";
			productName = "Brick-iTests";
			productReference = 38814563247AC82C00591023 /* Brick-iTests.xctest */;
			productType = "com.apple.product-type.bundle.unit-test";
		};
		3881456D247AC82C00591023 /* Brick-iUITests */ = {
			isa = PBXNativeTarget;
			buildConfigurationList = 3881457D247AC82C00591023 /* Build configuration list for PBXNativeTarget "Brick-iUITests" */;
			buildPhases = (
				3881456A247AC82C00591023 /* Sources */,
				3881456B247AC82C00591023 /* Frameworks */,
				3881456C247AC82C00591023 /* Resources */,
			);
			buildRules = (
			);
			dependencies = (
				38814570247AC82C00591023 /* PBXTargetDependency */,
			);
			name = "Brick-iUITests";
			productName = "Brick-iUITests";
			productReference = 3881456E247AC82C00591023 /* Brick-iUITests.xctest */;
			productType = "com.apple.product-type.bundle.ui-testing";
		};
/* End PBXNativeTarget section */

/* Begin PBXProject section */
		38814545247AC82B00591023 /* Project object */ = {
			isa = PBXProject;
			attributes = {
				LastSwiftUpdateCheck = 1140;
				LastUpgradeCheck = 1140;
				ORGANIZATIONNAME = JSKeum;
				TargetAttributes = {
					3881454C247AC82B00591023 = {
						CreatedOnToolsVersion = 11.4.1;
					};
					38814562247AC82C00591023 = {
						CreatedOnToolsVersion = 11.4.1;
						TestTargetID = 3881454C247AC82B00591023;
					};
					3881456D247AC82C00591023 = {
						CreatedOnToolsVersion = 11.4.1;
						TestTargetID = 3881454C247AC82B00591023;
					};
				};
			};
			buildConfigurationList = 38814548247AC82B00591023 /* Build configuration list for PBXProject "Brick-i" */;
			compatibilityVersion = "Xcode 9.3";
			developmentRegion = en;
			hasScannedForEncodings = 0;
			knownRegions = (
				en,
				Base,
			);
			mainGroup = 38814544247AC82B00591023;
			productRefGroup = 3881454E247AC82B00591023 /* Products */;
			projectDirPath = "";
			projectRoot = "";
			targets = (
				3881454C247AC82B00591023 /* Brick-i */,
				38814562247AC82C00591023 /* Brick-iTests */,
				3881456D247AC82C00591023 /* Brick-iUITests */,
			);
		};
/* End PBXProject section */

/* Begin PBXResourcesBuildPhase section */
		3881454B247AC82B00591023 /* Resources */ = {
			isa = PBXResourcesBuildPhase;
			buildActionMask = 2147483647;
			files = (
				3881455D247AC82C00591023 /* LaunchScreen.storyboard in Resources */,
				3881455A247AC82C00591023 /* Assets.xcassets in Resources */,
				38814558247AC82B00591023 /* Main.storyboard in Resources */,
			);
			runOnlyForDeploymentPostprocessing = 0;
		};
		38814561247AC82C00591023 /* Resources */ = {
			isa = PBXResourcesBuildPhase;
			buildActionMask = 2147483647;
			files = (
			);
			runOnlyForDeploymentPostprocessing = 0;
		};
		3881456C247AC82C00591023 /* Resources */ = {
			isa = PBXResourcesBuildPhase;
			buildActionMask = 2147483647;
			files = (
			);
			runOnlyForDeploymentPostprocessing = 0;
		};
/* End PBXResourcesBuildPhase section */

/* Begin PBXSourcesBuildPhase section */
		38814549247AC82B00591023 /* Sources */ = {
			isa = PBXSourcesBuildPhase;
			buildActionMask = 2147483647;
			files = (
				3842E68624929E11008FEA53 /* KeumKNN+ImageConstraint.swift in Sources */,
				3842E6882492A057008FEA53 /* ModelUpdater.swift in Sources */,
				3842E6832492735D008FEA53 /* Predict.swift in Sources */,
				384AAFB0249236E500CD4A2D /* keumKNN.mlmodel in Sources */,
				38814555247AC82B00591023 /* ViewController.swift in Sources */,
				3842E68A2493434A008FEA53 /* HandskNN.mlmodel in Sources */,
				38814551247AC82B00591023 /* AppDelegate.swift in Sources */,
				38814553247AC82B00591023 /* SceneDelegate.swift in Sources */,
			);
			runOnlyForDeploymentPostprocessing = 0;
		};
		3881455F247AC82C00591023 /* Sources */ = {
			isa = PBXSourcesBuildPhase;
			buildActionMask = 2147483647;
			files = (
				38814568247AC82C00591023 /* Brick_iTests.swift in Sources */,
			);
			runOnlyForDeploymentPostprocessing = 0;
		};
		3881456A247AC82C00591023 /* Sources */ = {
			isa = PBXSourcesBuildPhase;
			buildActionMask = 2147483647;
			files = (
				38814573247AC82C00591023 /* Brick_iUITests.swift in Sources */,
			);
			runOnlyForDeploymentPostprocessing = 0;
		};
/* End PBXSourcesBuildPhase section */

/* Begin PBXTargetDependency section */
		38814565247AC82C00591023 /* PBXTargetDependency */ = {
			isa = PBXTargetDependency;
			target = 3881454C247AC82B00591023 /* Brick-i */;
			targetProxy = 38814564247AC82C00591023 /* PBXContainerItemProxy */;
		};
		38814570247AC82C00591023 /* PBXTargetDependency */ = {
			isa = PBXTargetDependency;
			target = 3881454C247AC82B00591023 /* Brick-i */;
			targetProxy = 3881456F247AC82C00591023 /* PBXContainerItemProxy */;
		};
/* End PBXTargetDependency section */

/* Begin PBXVariantGroup section */
		38814556247AC82B00591023 /* Main.storyboard */ = {
			isa = PBXVariantGroup;
			children = (
				38814557247AC82B00591023 /* Base */,
			);
			name = Main.storyboard;
			sourceTree = "<group>";
		};
		3881455B247AC82C00591023 /* LaunchScreen.storyboard */ = {
			isa = PBXVariantGroup;
			children = (
				3881455C247AC82C00591023 /* Base */,
			);
			name = LaunchScreen.storyboard;
			sourceTree = "<group>";
		};
/* End PBXVariantGroup section */

/* Begin XCBuildConfiguration section */
		38814575247AC82C00591023 /* Debug */ = {
			isa = XCBuildConfiguration;
			buildSettings = {
				ALWAYS_SEARCH_USER_PATHS = NO;
				CLANG_ANALYZER_NONNULL = YES;
				CLANG_ANALYZER_NUMBER_OBJECT_CONVERSION = YES_AGGRESSIVE;
				CLANG_CXX_LANGUAGE_STANDARD = "gnu++14";
				CLANG_CXX_LIBRARY = "libc++";
				CLANG_ENABLE_MODULES = YES;
				CLANG_ENABLE_OBJC_ARC = YES;
				CLANG_ENABLE_OBJC_WEAK = YES;
				CLANG_WARN_BLOCK_CAPTURE_AUTORELEASING = YES;
				CLANG_WARN_BOOL_CONVERSION = YES;
				CLANG_WARN_COMMA = YES;
				CLANG_WARN_CONSTANT_CONVERSION = YES;
				CLANG_WARN_DEPRECATED_OBJC_IMPLEMENTATIONS = YES;
				CLANG_WARN_DIRECT_OBJC_ISA_USAGE = YES_ERROR;
				CLANG_WARN_DOCUMENTATION_COMMENTS = YES;
				CLANG_WARN_EMPTY_BODY = YES;
				CLANG_WARN_ENUM_CONVERSION = YES;
				CLANG_WARN_INFINITE_RECURSION = YES;
				CLANG_WARN_INT_CONVERSION = YES;
				CLANG_WARN_NON_LITERAL_NULL_CONVERSION = YES;
				CLANG_WARN_OBJC_IMPLICIT_RETAIN_SELF = YES;
				CLANG_WARN_OBJC_LITERAL_CONVERSION = YES;
				CLANG_WARN_OBJC_ROOT_CLASS = YES_ERROR;
				CLANG_WARN_RANGE_LOOP_ANALYSIS = YES;
				CLANG_WARN_STRICT_PROTOTYPES = YES;
				CLANG_WARN_SUSPICIOUS_MOVE = YES;
				CLANG_WARN_UNGUARDED_AVAILABILITY = YES_AGGRESSIVE;
				CLANG_WARN_UNREACHABLE_CODE = YES;
				CLANG_WARN__DUPLICATE_METHOD_MATCH = YES;
				COPY_PHASE_STRIP = NO;
				DEBUG_INFORMATION_FORMAT = dwarf;
				ENABLE_STRICT_OBJC_MSGSEND = YES;
				ENABLE_TESTABILITY = YES;
				GCC_C_LANGUAGE_STANDARD = gnu11;
				GCC_DYNAMIC_NO_PIC = NO;
				GCC_NO_COMMON_BLOCKS = YES;
				GCC_OPTIMIZATION_LEVEL = 0;
				GCC_PREPROCESSOR_DEFINITIONS = (
					"DEBUG=1",
					"$(inherited)",
				);
				GCC_WARN_64_TO_32_BIT_CONVERSION = YES;
				GCC_WARN_ABOUT_RETURN_TYPE = YES_ERROR;
				GCC_WARN_UNDECLARED_SELECTOR = YES;
				GCC_WARN_UNINITIALIZED_AUTOS = YES_AGGRESSIVE;
				GCC_WARN_UNUSED_FUNCTION = YES;
				GCC_WARN_UNUSED_VARIABLE = YES;
				IPHONEOS_DEPLOYMENT_TARGET = 13.4;
				MTL_ENABLE_DEBUG_INFO = INCLUDE_SOURCE;
				MTL_FAST_MATH = YES;
				ONLY_ACTIVE_ARCH = YES;
				SDKROOT = iphoneos;
				SWIFT_ACTIVE_COMPILATION_CONDITIONS = DEBUG;
				SWIFT_OPTIMIZATION_LEVEL = "-Onone";
			};
			name = Debug;
		};
		38814576247AC82C00591023 /* Release */ = {
			isa = XCBuildConfiguration;
			buildSettings = {
				ALWAYS_SEARCH_USER_PATHS = NO;
				CLANG_ANALYZER_NONNULL = YES;
				CLANG_ANALYZER_NUMBER_OBJECT_CONVERSION = YES_AGGRESSIVE;
				CLANG_CXX_LANGUAGE_STANDARD = "gnu++14";
				CLANG_CXX_LIBRARY = "libc++";
				CLANG_ENABLE_MODULES = YES;
				CLANG_ENABLE_OBJC_ARC = YES;
				CLANG_ENABLE_OBJC_WEAK = YES;
				CLANG_WARN_BLOCK_CAPTURE_AUTORELEASING = YES;
				CLANG_WARN_BOOL_CONVERSION = YES;
				CLANG_WARN_COMMA = YES;
				CLANG_WARN_CONSTANT_CONVERSION = YES;
				CLANG_WARN_DEPRECATED_OBJC_IMPLEMENTATIONS = YES;
				CLANG_WARN_DIRECT_OBJC_ISA_USAGE = YES_ERROR;
				CLANG_WARN_DOCUMENTATION_COMMENTS = YES;
				CLANG_WARN_EMPTY_BODY = YES;
				CLANG_WARN_ENUM_CONVERSION = YES;
				CLANG_WARN_INFINITE_RECURSION = YES;
				CLANG_WARN_INT_CONVERSION = YES;
				CLANG_WARN_NON_LITERAL_NULL_CONVERSION = YES;
				CLANG_WARN_OBJC_IMPLICIT_RETAIN_SELF = YES;
				CLANG_WARN_OBJC_LITERAL_CONVERSION = YES;
				CLANG_WARN_OBJC_ROOT_CLASS = YES_ERROR;
				CLANG_WARN_RANGE_LOOP_ANALYSIS = YES;
				CLANG_WARN_STRICT_PROTOTYPES = YES;
				CLANG_WARN_SUSPICIOUS_MOVE = YES;
				CLANG_WARN_UNGUARDED_AVAILABILITY = YES_AGGRESSIVE;
				CLANG_WARN_UNREACHABLE_CODE = YES;
				CLANG_WARN__DUPLICATE_METHOD_MATCH = YES;
				COPY_PHASE_STRIP = NO;
				DEBUG_INFORMATION_FORMAT = "dwarf-with-dsym";
				ENABLE_NS_ASSERTIONS = NO;
				ENABLE_STRICT_OBJC_MSGSEND = YES;
				GCC_C_LANGUAGE_STANDARD = gnu11;
				GCC_NO_COMMON_BLOCKS = YES;
				GCC_WARN_64_TO_32_BIT_CONVERSION = YES;
				GCC_WARN_ABOUT_RETURN_TYPE = YES_ERROR;
				GCC_WARN_UNDECLARED_SELECTOR = YES;
				GCC_WARN_UNINITIALIZED_AUTOS = YES_AGGRESSIVE;
				GCC_WARN_UNUSED_FUNCTION = YES;
				GCC_WARN_UNUSED_VARIABLE = YES;
				IPHONEOS_DEPLOYMENT_TARGET = 13.4;
				MTL_ENABLE_DEBUG_INFO = NO;
				MTL_FAST_MATH = YES;
				SDKROOT = iphoneos;
				SWIFT_COMPILATION_MODE = wholemodule;
				SWIFT_OPTIMIZATION_LEVEL = "-O";
				VALIDATE_PRODUCT = YES;
			};
			name = Release;
		};
		38814578247AC82C00591023 /* Debug */ = {
			isa = XCBuildConfiguration;
			buildSettings = {
				ASSETCATALOG_COMPILER_APPICON_NAME = AppIcon;
				CODE_SIGN_STYLE = Automatic;
				DEVELOPMENT_TEAM = M974BXPS92;
				INFOPLIST_FILE = "Brick-i/Info.plist";
				LD_RUNPATH_SEARCH_PATHS = (
					"$(inherited)",
					"@executable_path/Frameworks",
				);
				PRODUCT_BUNDLE_IDENTIFIER = "com.keumsong.Brick-i";
				PRODUCT_NAME = "$(TARGET_NAME)";
				SWIFT_VERSION = 5.0;
				TARGETED_DEVICE_FAMILY = "1,2";
			};
			name = Debug;
		};
		38814579247AC82C00591023 /* Release */ = {
			isa = XCBuildConfiguration;
			buildSettings = {
				ASSETCATALOG_COMPILER_APPICON_NAME = AppIcon;
				CODE_SIGN_STYLE = Automatic;
				DEVELOPMENT_TEAM = M974BXPS92;
				INFOPLIST_FILE = "Brick-i/Info.plist";
				LD_RUNPATH_SEARCH_PATHS = (
					"$(inherited)",
					"@executable_path/Frameworks",
				);
				PRODUCT_BUNDLE_IDENTIFIER = "com.keumsong.Brick-i";
				PRODUCT_NAME = "$(TARGET_NAME)";
				SWIFT_VERSION = 5.0;
				TARGETED_DEVICE_FAMILY = "1,2";
			};
			name = Release;
		};
		3881457B247AC82C00591023 /* Debug */ = {
			isa = XCBuildConfiguration;
			buildSettings = {
				ALWAYS_EMBED_SWIFT_STANDARD_LIBRARIES = YES;
				BUNDLE_LOADER = "$(TEST_HOST)";
				CODE_SIGN_STYLE = Automatic;
				DEVELOPMENT_TEAM = M974BXPS92;
				INFOPLIST_FILE = "Brick-iTests/Info.plist";
				IPHONEOS_DEPLOYMENT_TARGET = 13.4;
				LD_RUNPATH_SEARCH_PATHS = (
					"$(inherited)",
					"@executable_path/Frameworks",
					"@loader_path/Frameworks",
				);
				PRODUCT_BUNDLE_IDENTIFIER = "com.keumsong.Brick-iTests";
				PRODUCT_NAME = "$(TARGET_NAME)";
				SWIFT_VERSION = 5.0;
				TARGETED_DEVICE_FAMILY = "1,2";
				TEST_HOST = "$(BUILT_PRODUCTS_DIR)/Brick-i.app/Brick-i";
			};
			name = Debug;
		};
		3881457C247AC82C00591023 /* Release */ = {
			isa = XCBuildConfiguration;
			buildSettings = {
				ALWAYS_EMBED_SWIFT_STANDARD_LIBRARIES = YES;
				BUNDLE_LOADER = "$(TEST_HOST)";
				CODE_SIGN_STYLE = Automatic;
				DEVELOPMENT_TEAM = M974BXPS92;
				INFOPLIST_FILE = "Brick-iTests/Info.plist";
				IPHONEOS_DEPLOYMENT_TARGET = 13.4;
				LD_RUNPATH_SEARCH_PATHS = (
					"$(inherited)",
					"@executable_path/Frameworks",
					"@loader_path/Frameworks",
				);
				PRODUCT_BUNDLE_IDENTIFIER = "com.keumsong.Brick-iTests";
				PRODUCT_NAME = "$(TARGET_NAME)";
				SWIFT_VERSION = 5.0;
				TARGETED_DEVICE_FAMILY = "1,2";
				TEST_HOST = "$(BUILT_PRODUCTS_DIR)/Brick-i.app/Brick-i";
			};
			name = Release;
		};
		3881457E247AC82C00591023 /* Debug */ = {
			isa = XCBuildConfiguration;
			buildSettings = {
				ALWAYS_EMBED_SWIFT_STANDARD_LIBRARIES = YES;
				CODE_SIGN_STYLE = Automatic;
				DEVELOPMENT_TEAM = M974BXPS92;
				INFOPLIST_FILE = "Brick-iUITests/Info.plist";
				LD_RUNPATH_SEARCH_PATHS = (
					"$(inherited)",
					"@executable_path/Frameworks",
					"@loader_path/Frameworks",
				);
				PRODUCT_BUNDLE_IDENTIFIER = "com.keumsong.Brick-iUITests";
				PRODUCT_NAME = "$(TARGET_NAME)";
				SWIFT_VERSION = 5.0;
				TARGETED_DEVICE_FAMILY = "1,2";
				TEST_TARGET_NAME = "Brick-i";
			};
			name = Debug;
		};
		3881457F247AC82C00591023 /* Release */ = {
			isa = XCBuildConfiguration;
			buildSettings = {
				ALWAYS_EMBED_SWIFT_STANDARD_LIBRARIES = YES;
				CODE_SIGN_STYLE = Automatic;
				DEVELOPMENT_TEAM = M974BXPS92;
				INFOPLIST_FILE = "Brick-iUITests/Info.plist";
				LD_RUNPATH_SEARCH_PATHS = (
					"$(inherited)",
					"@executable_path/Frameworks",
					"@loader_path/Frameworks",
				);
				PRODUCT_BUNDLE_IDENTIFIER = "com.keumsong.Brick-iUITests";
				PRODUCT_NAME = "$(TARGET_NAME)";
				SWIFT_VERSION = 5.0;
				TARGETED_DEVICE_FAMILY = "1,2";
				TEST_TARGET_NAME = "Brick-i";
			};
			name = Release;
		};
/* End XCBuildConfiguration section */

/* Begin XCConfigurationList section */
		38814548247AC82B00591023 /* Build configuration list for PBXProject "Brick-i" */ = {
			isa = XCConfigurationList;
			buildConfigurations = (
				38814575247AC82C00591023 /* Debug */,
				38814576247AC82C00591023 /* Release */,
			);
			defaultConfigurationIsVisible = 0;
			defaultConfigurationName = Release;
		};
		38814577247AC82C00591023 /* Build configuration list for PBXNativeTarget "Brick-i" */ = {
			isa = XCConfigurationList;
			buildConfigurations = (
				38814578247AC82C00591023 /* Debug */,
				38814579247AC82C00591023 /* Release */,
			);
			defaultConfigurationIsVisible = 0;
			defaultConfigurationName = Release;
		};
		3881457A247AC82C00591023 /* Build configuration list for PBXNativeTarget "Brick-iTests" */ = {
			isa = XCConfigurationList;
			buildConfigurations = (
				3881457B247AC82C00591023 /* Debug */,
				3881457C247AC82C00591023 /* Release */,
			);
			defaultConfigurationIsVisible = 0;
			defaultConfigurationName = Release;
		};
		3881457D247AC82C00591023 /* Build configuration list for PBXNativeTarget "Brick-iUITests" */ = {
			isa = XCConfigurationList;
			buildConfigurations = (
				3881457E247AC82C00591023 /* Debug */,
				3881457F247AC82C00591023 /* Release */,
			);
			defaultConfigurationIsVisible = 0;
			defaultConfigurationName = Release;
		};
/* End XCConfigurationList section */
	};
	rootObject = 38814545247AC82B00591023 /* Project object */;
}
